// !$*UTF8*$!
{
	archiveVersion = 1;
	classes = {
	};
	objectVersion = 50;
	objects = {

/* Begin PBXBuildFile section */
		1DB9474F2367688D00DAC3EB /* AppDelegate.swift in Sources */ = {isa = PBXBuildFile; fileRef = 1DB9474E2367688D00DAC3EB /* AppDelegate.swift */; };
		1DB947512367688D00DAC3EB /* SceneDelegate.swift in Sources */ = {isa = PBXBuildFile; fileRef = 1DB947502367688D00DAC3EB /* SceneDelegate.swift */; };
		1DB947532367688D00DAC3EB /* ContentView.swift in Sources */ = {isa = PBXBuildFile; fileRef = 1DB947522367688D00DAC3EB /* ContentView.swift */; };
		1DB947552367688E00DAC3EB /* Assets.xcassets in Resources */ = {isa = PBXBuildFile; fileRef = 1DB947542367688E00DAC3EB /* Assets.xcassets */; };
		1DB947582367688E00DAC3EB /* Preview Assets.xcassets in Resources */ = {isa = PBXBuildFile; fileRef = 1DB947572367688E00DAC3EB /* Preview Assets.xcassets */; };
		1DB9475B2367688E00DAC3EB /* LaunchScreen.storyboard in Resources */ = {isa = PBXBuildFile; fileRef = 1DB947592367688E00DAC3EB /* LaunchScreen.storyboard */; };
		1DB94763236769DC00DAC3EB /* MenuView.swift in Sources */ = {isa = PBXBuildFile; fileRef = 1DB94762236769DC00DAC3EB /* MenuView.swift */; };
/* End PBXBuildFile section */

/* Begin PBXFileReference section */
		1DB9474B2367688D00DAC3EB /* HowToCreateSideHamburgerMenu.app */ = {isa = PBXFileReference; explicitFileType = wrapper.application; includeInIndex = 0; path = HowToCreateSideHamburgerMenu.app; sourceTree = BUILT_PRODUCTS_DIR; };
		1DB9474E2367688D00DAC3EB /* AppDelegate.swift */ = {isa = PBXFileReference; lastKnownFileType = sourcecode.swift; path = AppDelegate.swift; sourceTree = "<group>"; };
		1DB947502367688D00DAC3EB /* SceneDelegate.swift */ = {isa = PBXFileReference; lastKnownFileType = sourcecode.swift; path = SceneDelegate.swift; sourceTree = "<group>"; };
		1DB947522367688D00DAC3EB /* ContentView.swift */ = {isa = PBXFileReference; lastKnownFileType = sourcecode.swift; path = ContentView.swift; sourceTree = "<group>"; };
		1DB947542367688E00DAC3EB /* Assets.xcassets */ = {isa = PBXFileReference; lastKnownFileType = folder.assetcatalog; path = Assets.xcassets; sourceTree = "<group>"; };
		1DB947572367688E00DAC3EB /* Preview Assets.xcassets */ = {isa = PBXFileReference; lastKnownFileType = folder.assetcatalog; path = "Preview Assets.xcassets"; sourceTree = "<group>"; };
		1DB9475A2367688E00DAC3EB /* Base */ = {isa = PBXFileReference; lastKnownFileType = file.storyboard; name = Base; path = Base.lproj/LaunchScreen.storyboard; sourceTree = "<group>"; };
		1DB9475C2367688E00DAC3EB /* Info.plist */ = {isa = PBXFileReference; lastKnownFileType = text.plist.xml; path = Info.plist; sourceTree = "<group>"; };
		1DB94762236769DC00DAC3EB /* MenuView.swift */ = {isa = PBXFileReference; lastKnownFileType = sourcecode.swift; path = MenuView.swift; sourceTree = "<group>"; };
/* End PBXFileReference section */

/* Begin PBXFrameworksBuildPhase section */
		1DB947482367688D00DAC3EB /* Frameworks */ = {
			isa = PBXFrameworksBuildPhase;
			buildActionMask = 2147483647;
			files = (
			);
			runOnlyForDeploymentPostprocessing = 0;
		};
/* End PBXFrameworksBuildPhase section */

/* Begin PBXGroup section */
		1DB947422367688D00DAC3EB = {
			isa = PBXGroup;
			children = (
				1DB94762236769DC00DAC3EB /* MenuView.swift */,
				1DB9474D2367688D00DAC3EB /* HowToCreateSideHamburgerMenu */,
				1DB9474C2367688D00DAC3EB /* Products */,
			);
			sourceTree = "<group>";
		};
		1DB9474C2367688D00DAC3EB /* Products */ = {
			isa = PBXGroup;
			children = (
				1DB9474B2367688D00DAC3EB /* HowToCreateSideHamburgerMenu.app */,
			);
			name = Products;
			sourceTree = "<group>";
		};
		1DB9474D2367688D00DAC3EB /* HowToCreateSideHamburgerMenu */ = {
			isa = PBXGroup;
			children = (
				1DB9474E2367688D00DAC3EB /* AppDelegate.swift */,
				1DB947502367688D00DAC3EB /* SceneDelegate.swift */,
				1DB947522367688D00DAC3EB /* ContentView.swift */,
				1DB947542367688E00DAC3EB /* Assets.xcassets */,
				1DB947592367688E00DAC3EB /* LaunchScreen.storyboard */,
				1DB9475C2367688E00DAC3EB /* Info.plist */,
				1DB947562367688E00DAC3EB /* Preview Content */,
			);
			path = HowToCreateSideHamburgerMenu;
			sourceTree = "<group>";
		};
		1DB947562367688E00DAC3EB /* Preview Content */ = {
			isa = PBXGroup;
			children = (
				1DB947572367688E00DAC3EB /* Preview Assets.xcassets */,
			);
			path = "Preview Content";
			sourceTree = "<group>";
		};
/* End PBXGroup section */

/* Begin PBXNativeTarget section */
		1DB9474A2367688D00DAC3EB /* HowToCreateSideHamburgerMenu */ = {
			isa = PBXNativeTarget;
			buildConfigurationList = 1DB9475F2367688E00DAC3EB /* Build configuration list for PBXNativeTarget "HowToCreateSideHamburgerMenu" */;
			buildPhases = (
				1DB947472367688D00DAC3EB /* Sources */,
				1DB947482367688D00DAC3EB /* Frameworks */,
				1DB947492367688D00DAC3EB /* Resources */,
			);
			buildRules = (
			);
			dependencies = (
			);
			name = HowToCreateSideHamburgerMenu;
			productName = HowToCreateSideHamburgerMenu;
			productReference = 1DB9474B2367688D00DAC3EB /* HowToCreateSideHamburgerMenu.app */;
			productType = "com.apple.product-type.application";
		};
/* End PBXNativeTarget section */

/* Begin PBXProject section */
		1DB947432367688D00DAC3EB /* Project object */ = {
			isa = PBXProject;
			attributes = {
				LastSwiftUpdateCheck = 1110;
				LastUpgradeCheck = 1110;
				ORGANIZATIONNAME = "Ramill Ibragimov";
				TargetAttributes = {
					1DB9474A2367688D00DAC3EB = {
						CreatedOnToolsVersion = 11.1;
					};
				};
			};
			buildConfigurationList = 1DB947462367688D00DAC3EB /* Build configuration list for PBXProject "HowToCreateSideHamburgerMenu" */;
			compatibilityVersion = "Xcode 9.3";
			developmentRegion = en;
			hasScannedForEncodings = 0;
			knownRegions = (
				en,
				Base,
			);
			mainGroup = 1DB947422367688D00DAC3EB;
			productRefGroup = 1DB9474C2367688D00DAC3EB /* Products */;
			projectDirPath = "";
			projectRoot = "";
			targets = (
				1DB9474A2367688D00DAC3EB /* HowToCreateSideHamburgerMenu */,
			);
		};
/* End PBXProject section */

/* Begin PBXResourcesBuildPhase section */
		1DB947492367688D00DAC3EB /* Resources */ = {
			isa = PBXResourcesBuildPhase;
			buildActionMask = 2147483647;
			files = (
				1DB9475B2367688E00DAC3EB /* LaunchScreen.storyboard in Resources */,
				1DB947582367688E00DAC3EB /* Preview Assets.xcassets in Resources */,
				1DB947552367688E00DAC3EB /* Assets.xcassets in Resources */,
			);
			runOnlyForDeploymentPostprocessing = 0;
		};
/* End PBXResourcesBuildPhase section */

/* Begin PBXSourcesBuildPhase section */
		1DB947472367688D00DAC3EB /* Sources */ = {
			isa = PBXSourcesBuildPhase;
			buildActionMask = 2147483647;
			files = (
				1DB9474F2367688D00DAC3EB /* AppDelegate.swift in Sources */,
				1DB94763236769DC00DAC3EB /* MenuView.swift in Sources */,
				1DB947512367688D00DAC3EB /* SceneDelegate.swift in Sources */,
				1DB947532367688D00DAC3EB /* ContentView.swift in Sources */,
			);
			runOnlyForDeploymentPostprocessing = 0;
		};
/* End PBXSourcesBuildPhase section */

/* Begin PBXVariantGroup section */
		1DB947592367688E00DAC3EB /* LaunchScreen.storyboard */ = {
			isa = PBXVariantGroup;
			children = (
				1DB9475A2367688E00DAC3EB /* Base */,
			);
			name = LaunchScreen.storyboard;
			sourceTree = "<group>";
		};
/* End PBXVariantGroup section */

/* Begin XCBuildConfiguration section */
		1DB9475D2367688E00DAC3EB /* Debug */ = {
			isa = XCBuildConfiguration;
			buildSettings = {
				ALWAYS_SEARCH_USER_PATHS = NO;
				CLANG_ANALYZER_NONNULL = YES;
				CLANG_ANALYZER_NUMBER_OBJECT_CONVERSION = YES_AGGRESSIVE;
				CLANG_CXX_LANGUAGE_STANDARD = "gnu++14";
				CLANG_CXX_LIBRARY = "libc++";
				CLANG_ENABLE_MODULES = YES;
				CLANG_ENABLE_OBJC_ARC = YES;
				CLANG_ENABLE_OBJC_WEAK = YES;
				CLANG_WARN_BLOCK_CAPTURE_AUTORELEASING = YES;
				CLANG_WARN_BOOL_CONVERSION = YES;
				CLANG_WARN_COMMA = YES;
				CLANG_WARN_CONSTANT_CONVERSION = YES;
				CLANG_WARN_DEPRECATED_OBJC_IMPLEMENTATIONS = YES;
				CLANG_WARN_DIRECT_OBJC_ISA_USAGE = YES_ERROR;
				CLANG_WARN_DOCUMENTATION_COMMENTS = YES;
				CLANG_WARN_EMPTY_BODY = YES;
				CLANG_WARN_ENUM_CONVERSION = YES;
				CLANG_WARN_INFINITE_RECURSION = YES;
				CLANG_WARN_INT_CONVERSION = YES;
				CLANG_WARN_NON_LITERAL_NULL_CONVERSION = YES;
				CLANG_WARN_OBJC_IMPLICIT_RETAIN_SELF = YES;
				CLANG_WARN_OBJC_LITERAL_CONVERSION = YES;
				CLANG_WARN_OBJC_ROOT_CLASS = YES_ERROR;
				CLANG_WARN_RANGE_LOOP_ANALYSIS = YES;
				CLANG_WARN_STRICT_PROTOTYPES = YES;
				CLANG_WARN_SUSPICIOUS_MOVE = YES;
				CLANG_WARN_UNGUARDED_AVAILABILITY = YES_AGGRESSIVE;
				CLANG_WARN_UNREACHABLE_CODE = YES;
				CLANG_WARN__DUPLICATE_METHOD_MATCH = YES;
				COPY_PHASE_STRIP = NO;
				DEBUG_INFORMATION_FORMAT = dwarf;
				ENABLE_STRICT_OBJC_MSGSEND = YES;
				ENABLE_TESTABILITY = YES;
				GCC_C_LANGUAGE_STANDARD = gnu11;
				GCC_DYNAMIC_NO_PIC = NO;
				GCC_NO_COMMON_BLOCKS = YES;
				GCC_OPTIMIZATION_LEVEL = 0;
				GCC_PREPROCESSOR_DEFINITIONS = (
					"DEBUG=1",
					"$(inherited)",
				);
				GCC_WARN_64_TO_32_BIT_CONVERSION = YES;
				GCC_WARN_ABOUT_RETURN_TYPE = YES_ERROR;
				GCC_WARN_UNDECLARED_SELECTOR = YES;
				GCC_WARN_UNINITIALIZED_AUTOS = YES_AGGRESSIVE;
				GCC_WARN_UNUSED_FUNCTION = YES;
				GCC_WARN_UNUSED_VARIABLE = YES;
				IPHONEOS_DEPLOYMENT_TARGET = 13.1;
				MTL_ENABLE_DEBUG_INFO = INCLUDE_SOURCE;
				MTL_FAST_MATH = YES;
				ONLY_ACTIVE_ARCH = YES;
				SDKROOT = iphoneos;
				SWIFT_ACTIVE_COMPILATION_CONDITIONS = DEBUG;
				SWIFT_OPTIMIZATION_LEVEL = "-Onone";
			};
			name = Debug;
		};
		1DB9475E2367688E00DAC3EB /* Release */ = {
			isa = XCBuildConfiguration;
			buildSettings = {
				ALWAYS_SEARCH_USER_PATHS = NO;
				CLANG_ANALYZER_NONNULL = YES;
				CLANG_ANALYZER_NUMBER_OBJECT_CONVERSION = YES_AGGRESSIVE;
				CLANG_CXX_LANGUAGE_STANDARD = "gnu++14";
				CLANG_CXX_LIBRARY = "libc++";
				CLANG_ENABLE_MODULES = YES;
				CLANG_ENABLE_OBJC_ARC = YES;
				CLANG_ENABLE_OBJC_WEAK = YES;
				CLANG_WARN_BLOCK_CAPTURE_AUTORELEASING = YES;
				CLANG_WARN_BOOL_CONVERSION = YES;
				CLANG_WARN_COMMA = YES;
				CLANG_WARN_CONSTANT_CONVERSION = YES;
				CLANG_WARN_DEPRECATED_OBJC_IMPLEMENTATIONS = YES;
				CLANG_WARN_DIRECT_OBJC_ISA_USAGE = YES_ERROR;
				CLANG_WARN_DOCUMENTATION_COMMENTS = YES;
				CLANG_WARN_EMPTY_BODY = YES;
				CLANG_WARN_ENUM_CONVERSION = YES;
				CLANG_WARN_INFINITE_RECURSION = YES;
				CLANG_WARN_INT_CONVERSION = YES;
				CLANG_WARN_NON_LITERAL_NULL_CONVERSION = YES;
				CLANG_WARN_OBJC_IMPLICIT_RETAIN_SELF = YES;
				CLANG_WARN_OBJC_LITERAL_CONVERSION = YES;
				CLANG_WARN_OBJC_ROOT_CLASS = YES_ERROR;
				CLANG_WARN_RANGE_LOOP_ANALYSIS = YES;
				CLANG_WARN_STRICT_PROTOTYPES = YES;
				CLANG_WARN_SUSPICIOUS_MOVE = YES;
				CLANG_WARN_UNGUARDED_AVAILABILITY = YES_AGGRESSIVE;
				CLANG_WARN_UNREACHABLE_CODE = YES;
				CLANG_WARN__DUPLICATE_METHOD_MATCH = YES;
				COPY_PHASE_STRIP = NO;
				DEBUG_INFORMATION_FORMAT = "dwarf-with-dsym";
				ENABLE_NS_ASSERTIONS = NO;
				ENABLE_STRICT_OBJC_MSGSEND = YES;
				GCC_C_LANGUAGE_STANDARD = gnu11;
				GCC_NO_COMMON_BLOCKS = YES;
				GCC_WARN_64_TO_32_BIT_CONVERSION = YES;
				GCC_WARN_ABOUT_RETURN_TYPE = YES_ERROR;
				GCC_WARN_UNDECLARED_SELECTOR = YES;
				GCC_WARN_UNINITIALIZED_AUTOS = YES_AGGRESSIVE;
				GCC_WARN_UNUSED_FUNCTION = YES;
				GCC_WARN_UNUSED_VARIABLE = YES;
				IPHONEOS_DEPLOYMENT_TARGET = 13.1;
				MTL_ENABLE_DEBUG_INFO = NO;
				MTL_FAST_MATH = YES;
				SDKROOT = iphoneos;
				SWIFT_COMPILATION_MODE = wholemodule;
				SWIFT_OPTIMIZATION_LEVEL = "-O";
				VALIDATE_PRODUCT = YES;
			};
			name = Release;
		};
		1DB947602367688E00DAC3EB /* Debug */ = {
			isa = XCBuildConfiguration;
			buildSettings = {
				ASSETCATALOG_COMPILER_APPICON_NAME = AppIcon;
				CODE_SIGN_STYLE = Automatic;
				DEVELOPMENT_ASSET_PATHS = "\"HowToCreateSideHamburgerMenu/Preview Content\"";
				DEVELOPMENT_TEAM = L8W86DZDY2;
				ENABLE_PREVIEWS = YES;
				INFOPLIST_FILE = HowToCreateSideHamburgerMenu/Info.plist;
				LD_RUNPATH_SEARCH_PATHS = (
					"$(inherited)",
					"@executable_path/Frameworks",
				);
				PRODUCT_BUNDLE_IDENTIFIER = com.ri.HowToCreateSideHamburgerMenu;
				PRODUCT_NAME = "$(TARGET_NAME)";
				SWIFT_VERSION = 5.0;
				TARGETED_DEVICE_FAMILY = "1,2";
			};
			name = Debug;
		};
		1DB947612367688E00DAC3EB /* Release */ = {
			isa = XCBuildConfiguration;
			buildSettings = {
				ASSETCATALOG_COMPILER_APPICON_NAME = AppIcon;
				CODE_SIGN_STYLE = Automatic;
				DEVELOPMENT_ASSET_PATHS = "\"HowToCreateSideHamburgerMenu/Preview Content\"";
				DEVELOPMENT_TEAM = L8W86DZDY2;
				ENABLE_PREVIEWS = YES;
				INFOPLIST_FILE = HowToCreateSideHamburgerMenu/Info.plist;
				LD_RUNPATH_SEARCH_PATHS = (
					"$(inherited)",
					"@executable_path/Frameworks",
				);
				PRODUCT_BUNDLE_IDENTIFIER = com.ri.HowToCreateSideHamburgerMenu;
				PRODUCT_NAME = "$(TARGET_NAME)";
				SWIFT_VERSION = 5.0;
				TARGETED_DEVICE_FAMILY = "1,2";
			};
			name = Release;
		};
/* End XCBuildConfiguration section */

/* Begin XCConfigurationList section */
		1DB947462367688D00DAC3EB /* Build configuration list for PBXProject "HowToCreateSideHamburgerMenu" */ = {
			isa = XCConfigurationList;
			buildConfigurations = (
				1DB9475D2367688E00DAC3EB /* Debug */,
				1DB9475E2367688E00DAC3EB /* Release */,
			);
			defaultConfigurationIsVisible = 0;
			defaultConfigurationName = Release;
		};
		1DB9475F2367688E00DAC3EB /* Build configuration list for PBXNativeTarget "HowToCreateSideHamburgerMenu" */ = {
			isa = XCConfigurationList;
			buildConfigurations = (
				1DB947602367688E00DAC3EB /* Debug */,
				1DB947612367688E00DAC3EB /* Release */,
			);
			defaultConfigurationIsVisible = 0;
			defaultConfigurationName = Release;
		};
/* End XCConfigurationList section */
	};
	rootObject = 1DB947432367688D00DAC3EB /* Project object */;
}
